
Microsoft Visual Studio Solution File, Format Version 12.00
# Visual Studio Version 16
VisualStudioVersion = 16.0.32510.428
MinimumVisualStudioVersion = 10.0.40219.1
Project("{FAE04EC0-301F-11D3-BF4B-00C04F79EFBC}") = "Project", "Project.csproj", "{F27C1A01-5FEC-4F78-A86C-EC435541174F}"
EndProject
Global
	GlobalSection(SolutionConfigurationPlatforms) = preSolution
		Debug|Any CPU = Debug|Any CPU
		Release|Any CPU = Release|Any CPU
	EndGlobalSection
	GlobalSection(ProjectConfigurationPlatforms) = postSolution
		{F27C1A01-5FEC-4F78-A86C-EC435541174F}.Debug|Any CPU.ActiveCfg = Debug|Any CPU
		{F27C1A01-5FEC-4F78-A86C-EC435541174F}.Debug|Any CPU.Build.0 = Debug|Any CPU
		{F27C1A01-5FEC-4F78-A86C-EC435541174F}.Release|Any CPU.ActiveCfg = Release|Any CPU
		{F27C1A01-5FEC-4F78-A86C-EC435541174F}.Release|Any CPU.Build.0 = Release|Any CPU
	EndGlobalSection
	GlobalSection(SolutionProperties) = preSolution
		HideSolutionNode = FALSE
	EndGlobalSection
	GlobalSection(ExtensibilityGlobals) = postSolution
		SolutionGuid = {0491D825-84DD-45BF-979D-709CD7E1CC03}
	EndGlobalSection
EndGlobal
